
Microsoft Visual Studio Solution File, Format Version 12.00
# Visual Studio 15
Project("{2150E333-8FDC-42A3-9474-1A3956D46DE8}") = "Solution Items", "Solution Items", "{E94B6C48-0D8E-4343-B0BD-7F9AE6626FB8}"
	ProjectSection(SolutionItems) = preProject
		.editorconfig = .editorconfig
	EndProjectSection
EndProject
Project("{FAE04EC0-301F-11D3-BF4B-00C04F79EFBC}") = "Mono.Linker.Optimizer", "Mono.Linker.Optimizer.csproj", "{7595733A-3875-4A89-AF46-84222C91EE49}"
EndProject
Project("{FAE04EC0-301F-11D3-BF4B-00C04F79EFBC}") = "Mono.Linker", "external\linker\src\linker\Mono.Linker.csproj", "{DD28E2B1-057B-4B4D-A04D-B2EBD9E76E46}"
EndProject
Project("{FAE04EC0-301F-11D3-BF4B-00C04F79EFBC}") = "Mono.Cecil", "external\linker\external\cecil\Mono.Cecil.csproj", "{D68133BD-1E63-496E-9EDE-4FBDBF77B486}"
EndProject
Global
	GlobalSection(SolutionConfigurationPlatforms) = preSolution
		Debug|net_4_x = Debug|net_4_x
		Debug|wasm_tools = Debug|wasm_tools
		Release|net_4_x = Release|net_4_x
		Release|wasm_tools = Release|wasm_tools
		Debug|Any CPU = Debug|Any CPU
		illink_Debug|Any CPU = illink_Debug|Any CPU
		illink_Release|Any CPU = illink_Release|Any CPU
		net_3_5_Debug|Any CPU = net_3_5_Debug|Any CPU
		net_3_5_Debug_ReadOnly|Any CPU = net_3_5_Debug_ReadOnly|Any CPU
		net_3_5_Release|Any CPU = net_3_5_Release|Any CPU
		net_3_5_Release_ReadOnly|Any CPU = net_3_5_Release_ReadOnly|Any CPU
		net_4_0_Debug|Any CPU = net_4_0_Debug|Any CPU
		net_4_0_Debug_ReadOnly|Any CPU = net_4_0_Debug_ReadOnly|Any CPU
		net_4_0_Release|Any CPU = net_4_0_Release|Any CPU
		net_4_0_Release_ReadOnly|Any CPU = net_4_0_Release_ReadOnly|Any CPU
		netstandard_Debug|Any CPU = netstandard_Debug|Any CPU
		netstandard_Debug_ReadOnly|Any CPU = netstandard_Debug_ReadOnly|Any CPU
		netstandard_Release|Any CPU = netstandard_Release|Any CPU
		netstandard_Release_ReadOnly|Any CPU = netstandard_Release_ReadOnly|Any CPU
		Release|Any CPU = Release|Any CPU
	EndGlobalSection
	GlobalSection(ProjectConfigurationPlatforms) = postSolution
		{7595733A-3875-4A89-AF46-84222C91EE49}.Debug|net_4_x.ActiveCfg = Debug|Any CPU
		{7595733A-3875-4A89-AF46-84222C91EE49}.Debug|net_4_x.Build.0 = Debug|Any CPU
		{7595733A-3875-4A89-AF46-84222C91EE49}.Debug|wasm_tools.ActiveCfg = Debug|Any CPU
		{7595733A-3875-4A89-AF46-84222C91EE49}.Debug|wasm_tools.Build.0 = Debug|Any CPU
		{7595733A-3875-4A89-AF46-84222C91EE49}.Release|net_4_x.ActiveCfg = Release|Any CPU
		{7595733A-3875-4A89-AF46-84222C91EE49}.Release|net_4_x.Build.0 = Release|Any CPU
		{7595733A-3875-4A89-AF46-84222C91EE49}.Release|wasm_tools.ActiveCfg = Release|Any CPU
		{7595733A-3875-4A89-AF46-84222C91EE49}.Release|wasm_tools.Build.0 = Release|Any CPU
		{7595733A-3875-4A89-AF46-84222C91EE49}.Debug|Any CPU.ActiveCfg = Debug|Any CPU
		{7595733A-3875-4A89-AF46-84222C91EE49}.Debug|Any CPU.Build.0 = Debug|Any CPU
		{7595733A-3875-4A89-AF46-84222C91EE49}.illink_Debug|Any CPU.ActiveCfg = Debug|Any CPU
		{7595733A-3875-4A89-AF46-84222C91EE49}.illink_Debug|Any CPU.Build.0 = Debug|Any CPU
		{7595733A-3875-4A89-AF46-84222C91EE49}.illink_Release|Any CPU.ActiveCfg = Debug|Any CPU
		{7595733A-3875-4A89-AF46-84222C91EE49}.illink_Release|Any CPU.Build.0 = Debug|Any CPU
		{7595733A-3875-4A89-AF46-84222C91EE49}.net_3_5_Debug|Any CPU.ActiveCfg = Debug|Any CPU
		{7595733A-3875-4A89-AF46-84222C91EE49}.net_3_5_Debug|Any CPU.Build.0 = Debug|Any CPU
		{7595733A-3875-4A89-AF46-84222C91EE49}.net_3_5_Debug_ReadOnly|Any CPU.ActiveCfg = Debug|Any CPU
		{7595733A-3875-4A89-AF46-84222C91EE49}.net_3_5_Debug_ReadOnly|Any CPU.Build.0 = Debug|Any CPU
		{7595733A-3875-4A89-AF46-84222C91EE49}.net_3_5_Release|Any CPU.ActiveCfg = Debug|Any CPU
		{7595733A-3875-4A89-AF46-84222C91EE49}.net_3_5_Release|Any CPU.Build.0 = Debug|Any CPU
		{7595733A-3875-4A89-AF46-84222C91EE49}.net_3_5_Release_ReadOnly|Any CPU.ActiveCfg = Debug|Any CPU
		{7595733A-3875-4A89-AF46-84222C91EE49}.net_3_5_Release_ReadOnly|Any CPU.Build.0 = Debug|Any CPU
		{7595733A-3875-4A89-AF46-84222C91EE49}.net_4_0_Debug|Any CPU.ActiveCfg = Debug|Any CPU
		{7595733A-3875-4A89-AF46-84222C91EE49}.net_4_0_Debug|Any CPU.Build.0 = Debug|Any CPU
		{7595733A-3875-4A89-AF46-84222C91EE49}.net_4_0_Debug_ReadOnly|Any CPU.ActiveCfg = Debug|Any CPU
		{7595733A-3875-4A89-AF46-84222C91EE49}.net_4_0_Debug_ReadOnly|Any CPU.Build.0 = Debug|Any CPU
		{7595733A-3875-4A89-AF46-84222C91EE49}.net_4_0_Release|Any CPU.ActiveCfg = Debug|Any CPU
		{7595733A-3875-4A89-AF46-84222C91EE49}.net_4_0_Release|Any CPU.Build.0 = Debug|Any CPU
		{7595733A-3875-4A89-AF46-84222C91EE49}.net_4_0_Release_ReadOnly|Any CPU.ActiveCfg = Debug|Any CPU
		{7595733A-3875-4A89-AF46-84222C91EE49}.net_4_0_Release_ReadOnly|Any CPU.Build.0 = Debug|Any CPU
		{7595733A-3875-4A89-AF46-84222C91EE49}.netstandard_Debug|Any CPU.ActiveCfg = Debug|Any CPU
		{7595733A-3875-4A89-AF46-84222C91EE49}.netstandard_Debug|Any CPU.Build.0 = Debug|Any CPU
		{7595733A-3875-4A89-AF46-84222C91EE49}.netstandard_Debug_ReadOnly|Any CPU.ActiveCfg = Debug|Any CPU
		{7595733A-3875-4A89-AF46-84222C91EE49}.netstandard_Debug_ReadOnly|Any CPU.Build.0 = Debug|Any CPU
		{7595733A-3875-4A89-AF46-84222C91EE49}.netstandard_Release|Any CPU.ActiveCfg = Debug|Any CPU
		{7595733A-3875-4A89-AF46-84222C91EE49}.netstandard_Release|Any CPU.Build.0 = Debug|Any CPU
		{7595733A-3875-4A89-AF46-84222C91EE49}.netstandard_Release_ReadOnly|Any CPU.ActiveCfg = Debug|Any CPU
		{7595733A-3875-4A89-AF46-84222C91EE49}.netstandard_Release_ReadOnly|Any CPU.Build.0 = Debug|Any CPU
		{7595733A-3875-4A89-AF46-84222C91EE49}.Release|Any CPU.ActiveCfg = Release|Any CPU
		{7595733A-3875-4A89-AF46-84222C91EE49}.Release|Any CPU.Build.0 = Release|Any CPU
		{DD28E2B1-057B-4B4D-A04D-B2EBD9E76E46}.Debug|net_4_x.ActiveCfg = Debug|Any CPU
		{DD28E2B1-057B-4B4D-A04D-B2EBD9E76E46}.Debug|net_4_x.Build.0 = Debug|Any CPU
		{DD28E2B1-057B-4B4D-A04D-B2EBD9E76E46}.Debug|wasm_tools.ActiveCfg = Debug|Any CPU
		{DD28E2B1-057B-4B4D-A04D-B2EBD9E76E46}.Debug|wasm_tools.Build.0 = Debug|Any CPU
		{DD28E2B1-057B-4B4D-A04D-B2EBD9E76E46}.Release|net_4_x.ActiveCfg = Release|Any CPU
		{DD28E2B1-057B-4B4D-A04D-B2EBD9E76E46}.Release|net_4_x.Build.0 = Release|Any CPU
		{DD28E2B1-057B-4B4D-A04D-B2EBD9E76E46}.Release|wasm_tools.ActiveCfg = Release|Any CPU
		{DD28E2B1-057B-4B4D-A04D-B2EBD9E76E46}.Release|wasm_tools.Build.0 = Release|Any CPU
		{DD28E2B1-057B-4B4D-A04D-B2EBD9E76E46}.Debug|Any CPU.ActiveCfg = Debug|Any CPU
		{DD28E2B1-057B-4B4D-A04D-B2EBD9E76E46}.Debug|Any CPU.Build.0 = Debug|Any CPU
		{DD28E2B1-057B-4B4D-A04D-B2EBD9E76E46}.illink_Debug|Any CPU.ActiveCfg = illink_Debug|Any CPU
		{DD28E2B1-057B-4B4D-A04D-B2EBD9E76E46}.illink_Debug|Any CPU.Build.0 = illink_Debug|Any CPU
		{DD28E2B1-057B-4B4D-A04D-B2EBD9E76E46}.illink_Release|Any CPU.ActiveCfg = illink_Release|Any CPU
		{DD28E2B1-057B-4B4D-A04D-B2EBD9E76E46}.illink_Release|Any CPU.Build.0 = illink_Release|Any CPU
		{DD28E2B1-057B-4B4D-A04D-B2EBD9E76E46}.net_3_5_Debug|Any CPU.ActiveCfg = Debug|Any CPU
		{DD28E2B1-057B-4B4D-A04D-B2EBD9E76E46}.net_3_5_Debug|Any CPU.Build.0 = Debug|Any CPU
		{DD28E2B1-057B-4B4D-A04D-B2EBD9E76E46}.net_3_5_Debug_ReadOnly|Any CPU.ActiveCfg = Debug|Any CPU
		{DD28E2B1-057B-4B4D-A04D-B2EBD9E76E46}.net_3_5_Debug_ReadOnly|Any CPU.Build.0 = Debug|Any CPU
		{DD28E2B1-057B-4B4D-A04D-B2EBD9E76E46}.net_3_5_Release|Any CPU.ActiveCfg = Debug|Any CPU
		{DD28E2B1-057B-4B4D-A04D-B2EBD9E76E46}.net_3_5_Release|Any CPU.Build.0 = Debug|Any CPU
		{DD28E2B1-057B-4B4D-A04D-B2EBD9E76E46}.net_3_5_Release_ReadOnly|Any CPU.ActiveCfg = Debug|Any CPU
		{DD28E2B1-057B-4B4D-A04D-B2EBD9E76E46}.net_3_5_Release_ReadOnly|Any CPU.Build.0 = Debug|Any CPU
		{DD28E2B1-057B-4B4D-A04D-B2EBD9E76E46}.net_4_0_Debug|Any CPU.ActiveCfg = Debug|Any CPU
		{DD28E2B1-057B-4B4D-A04D-B2EBD9E76E46}.net_4_0_Debug|Any CPU.Build.0 = Debug|Any CPU
		{DD28E2B1-057B-4B4D-A04D-B2EBD9E76E46}.net_4_0_Debug_ReadOnly|Any CPU.ActiveCfg = Debug|Any CPU
		{DD28E2B1-057B-4B4D-A04D-B2EBD9E76E46}.net_4_0_Debug_ReadOnly|Any CPU.Build.0 = Debug|Any CPU
		{DD28E2B1-057B-4B4D-A04D-B2EBD9E76E46}.net_4_0_Release|Any CPU.ActiveCfg = Debug|Any CPU
		{DD28E2B1-057B-4B4D-A04D-B2EBD9E76E46}.net_4_0_Release|Any CPU.Build.0 = Debug|Any CPU
		{DD28E2B1-057B-4B4D-A04D-B2EBD9E76E46}.net_4_0_Release_ReadOnly|Any CPU.ActiveCfg = Debug|Any CPU
		{DD28E2B1-057B-4B4D-A04D-B2EBD9E76E46}.net_4_0_Release_ReadOnly|Any CPU.Build.0 = Debug|Any CPU
		{DD28E2B1-057B-4B4D-A04D-B2EBD9E76E46}.netstandard_Debug|Any CPU.ActiveCfg = Debug|Any CPU
		{DD28E2B1-057B-4B4D-A04D-B2EBD9E76E46}.netstandard_Debug|Any CPU.Build.0 = Debug|Any CPU
		{DD28E2B1-057B-4B4D-A04D-B2EBD9E76E46}.netstandard_Debug_ReadOnly|Any CPU.ActiveCfg = Debug|Any CPU
		{DD28E2B1-057B-4B4D-A04D-B2EBD9E76E46}.netstandard_Debug_ReadOnly|Any CPU.Build.0 = Debug|Any CPU
		{DD28E2B1-057B-4B4D-A04D-B2EBD9E76E46}.netstandard_Release|Any CPU.ActiveCfg = Debug|Any CPU
		{DD28E2B1-057B-4B4D-A04D-B2EBD9E76E46}.netstandard_Release|Any CPU.Build.0 = Debug|Any CPU
		{DD28E2B1-057B-4B4D-A04D-B2EBD9E76E46}.netstandard_Release_ReadOnly|Any CPU.ActiveCfg = Debug|Any CPU
		{DD28E2B1-057B-4B4D-A04D-B2EBD9E76E46}.netstandard_Release_ReadOnly|Any CPU.Build.0 = Debug|Any CPU
		{DD28E2B1-057B-4B4D-A04D-B2EBD9E76E46}.Release|Any CPU.ActiveCfg = Release|Any CPU
		{DD28E2B1-057B-4B4D-A04D-B2EBD9E76E46}.Release|Any CPU.Build.0 = Release|Any CPU
		{D68133BD-1E63-496E-9EDE-4FBDBF77B486}.Debug|net_4_x.ActiveCfg = net_4_0_Debug|Any CPU
		{D68133BD-1E63-496E-9EDE-4FBDBF77B486}.Debug|net_4_x.Build.0 = net_4_0_Debug|Any CPU
		{D68133BD-1E63-496E-9EDE-4FBDBF77B486}.Debug|wasm_tools.ActiveCfg = Debug|Any CPU
		{D68133BD-1E63-496E-9EDE-4FBDBF77B486}.Debug|wasm_tools.Build.0 = Debug|Any CPU
		{D68133BD-1E63-496E-9EDE-4FBDBF77B486}.Release|net_4_x.ActiveCfg = net_4_0_Release|Any CPU
		{D68133BD-1E63-496E-9EDE-4FBDBF77B486}.Release|net_4_x.Build.0 = net_4_0_Release|Any CPU
		{D68133BD-1E63-496E-9EDE-4FBDBF77B486}.Release|wasm_tools.ActiveCfg = Release|Any CPU
		{D68133BD-1E63-496E-9EDE-4FBDBF77B486}.Release|wasm_tools.Build.0 = Release|Any CPU
		{D68133BD-1E63-496E-9EDE-4FBDBF77B486}.Debug|Any CPU.ActiveCfg = net_4_0_Debug|Any CPU
		{D68133BD-1E63-496E-9EDE-4FBDBF77B486}.Debug|Any CPU.Build.0 = net_4_0_Debug|Any CPU
		{D68133BD-1E63-496E-9EDE-4FBDBF77B486}.illink_Debug|Any CPU.ActiveCfg = Debug|Any CPU
		{D68133BD-1E63-496E-9EDE-4FBDBF77B486}.illink_Debug|Any CPU.Build.0 = Debug|Any CPU
		{D68133BD-1E63-496E-9EDE-4FBDBF77B486}.illink_Release|Any CPU.ActiveCfg = Debug|Any CPU
		{D68133BD-1E63-496E-9EDE-4FBDBF77B486}.illink_Release|Any CPU.Build.0 = Debug|Any CPU
		{D68133BD-1E63-496E-9EDE-4FBDBF77B486}.net_3_5_Debug|Any CPU.ActiveCfg = net_3_5_Debug|Any CPU
		{D68133BD-1E63-496E-9EDE-4FBDBF77B486}.net_3_5_Debug|Any CPU.Build.0 = net_3_5_Debug|Any CPU
		{D68133BD-1E63-496E-9EDE-4FBDBF77B486}.net_3_5_Debug_ReadOnly|Any CPU.ActiveCfg = net_3_5_Debug_ReadOnly|Any CPU
		{D68133BD-1E63-496E-9EDE-4FBDBF77B486}.net_3_5_Debug_ReadOnly|Any CPU.Build.0 = net_3_5_Debug_ReadOnly|Any CPU
		{D68133BD-1E63-496E-9EDE-4FBDBF77B486}.net_3_5_Release|Any CPU.ActiveCfg = net_3_5_Release|Any CPU
		{D68133BD-1E63-496E-9EDE-4FBDBF77B486}.net_3_5_Release|Any CPU.Build.0 = net_3_5_Release|Any CPU
		{D68133BD-1E63-496E-9EDE-4FBDBF77B486}.net_3_5_Release_ReadOnly|Any CPU.ActiveCfg = net_3_5_Release_ReadOnly|Any CPU
		{D68133BD-1E63-496E-9EDE-4FBDBF77B486}.net_3_5_Release_ReadOnly|Any CPU.Build.0 = net_3_5_Release_ReadOnly|Any CPU
		{D68133BD-1E63-496E-9EDE-4FBDBF77B486}.net_4_0_Debug|Any CPU.ActiveCfg = net_4_0_Debug|Any CPU
		{D68133BD-1E63-496E-9EDE-4FBDBF77B486}.net_4_0_Debug|Any CPU.Build.0 = net_4_0_Debug|Any CPU
		{D68133BD-1E63-496E-9EDE-4FBDBF77B486}.net_4_0_Debug_ReadOnly|Any CPU.ActiveCfg = net_4_0_Debug_ReadOnly|Any CPU
		{D68133BD-1E63-496E-9EDE-4FBDBF77B486}.net_4_0_Debug_ReadOnly|Any CPU.Build.0 = net_4_0_Debug_ReadOnly|Any CPU
		{D68133BD-1E63-496E-9EDE-4FBDBF77B486}.net_4_0_Release|Any CPU.ActiveCfg = net_4_0_Release|Any CPU
		{D68133BD-1E63-496E-9EDE-4FBDBF77B486}.net_4_0_Release|Any CPU.Build.0 = net_4_0_Release|Any CPU
		{D68133BD-1E63-496E-9EDE-4FBDBF77B486}.net_4_0_Release_ReadOnly|Any CPU.ActiveCfg = net_4_0_Release_ReadOnly|Any CPU
		{D68133BD-1E63-496E-9EDE-4FBDBF77B486}.net_4_0_Release_ReadOnly|Any CPU.Build.0 = net_4_0_Release_ReadOnly|Any CPU
		{D68133BD-1E63-496E-9EDE-4FBDBF77B486}.netstandard_Debug|Any CPU.ActiveCfg = netstandard_Debug|Any CPU
		{D68133BD-1E63-496E-9EDE-4FBDBF77B486}.netstandard_Debug|Any CPU.Build.0 = netstandard_Debug|Any CPU
		{D68133BD-1E63-496E-9EDE-4FBDBF77B486}.netstandard_Debug_ReadOnly|Any CPU.ActiveCfg = netstandard_Debug_ReadOnly|Any CPU
		{D68133BD-1E63-496E-9EDE-4FBDBF77B486}.netstandard_Debug_ReadOnly|Any CPU.Build.0 = netstandard_Debug_ReadOnly|Any CPU
		{D68133BD-1E63-496E-9EDE-4FBDBF77B486}.netstandard_Release|Any CPU.ActiveCfg = netstandard_Release|Any CPU
		{D68133BD-1E63-496E-9EDE-4FBDBF77B486}.netstandard_Release|Any CPU.Build.0 = netstandard_Release|Any CPU
		{D68133BD-1E63-496E-9EDE-4FBDBF77B486}.netstandard_Release_ReadOnly|Any CPU.ActiveCfg = netstandard_Release_ReadOnly|Any CPU
		{D68133BD-1E63-496E-9EDE-4FBDBF77B486}.netstandard_Release_ReadOnly|Any CPU.Build.0 = netstandard_Release_ReadOnly|Any CPU
		{D68133BD-1E63-496E-9EDE-4FBDBF77B486}.Release|Any CPU.ActiveCfg = net_4_0_Release|Any CPU
		{D68133BD-1E63-496E-9EDE-4FBDBF77B486}.Release|Any CPU.Build.0 = net_4_0_Release|Any CPU
	EndGlobalSection
EndGlobal
